<?xml version="1.0" encoding="utf-8"?>
<Project ToolsVersion="4.0" xmlns="http://schemas.microsoft.com/developer/msbuild/2003">
  <ItemGroup>
    <ClCompile Include="main.cpp" />
    <ClCompile Include="main_00_HelloWorld.cpp">
      <Filter>Src\00. HelloWorld</Filter>
    </ClCompile>
    <ClCompile Include="main_01_PrintingText.cpp">
      <Filter>Src\01. PrintingText</Filter>
    </ClCompile>
    <ClCompile Include="main_02_IOStreams.cpp">
      <Filter>Src\02. IOStreams</Filter>
    </ClCompile>
    <ClCompile Include="main_03_Namespaces.cpp">
      <Filter>Src\03. Namespaces</Filter>
    </ClCompile>
    <ClCompile Include="main_04_Literals.cpp">
      <Filter>Src\04. Literals</Filter>
    </ClCompile>
  </ItemGroup>
  <ItemGroup>
    <ClInclude Include="EntryPoints.h" />
  </ItemGroup>
  <ItemGroup>
    <Filter Include="Src">
      <UniqueIdentifier>{2a03880f-418d-47f3-9d4a-4262376102a7}</UniqueIdentifier>
    </Filter>
    <Filter Include="Src\00. HelloWorld">
      <UniqueIdentifier>{4b71358a-fc7c-4516-b2c7-f1651099e422}</UniqueIdentifier>
    </Filter>
    <Filter Include="Src\01. PrintingText">
      <UniqueIdentifier>{dea09acf-1530-4cda-9228-03d7922ad3fc}</UniqueIdentifier>
    </Filter>
    <Filter Include="Src\02. IOStreams">
      <UniqueIdentifier>{d138b61c-c64a-421e-92e0-948e13a18cbc}</UniqueIdentifier>
    </Filter>
    <Filter Include="Src\03. Namespaces">
      <UniqueIdentifier>{5332a296-b666-436a-a0df-313b4061ddea}</UniqueIdentifier>
    </Filter>
    <Filter Include="Src\04. Literals">
      <UniqueIdentifier>{4f89f086-2cde-4064-80b4-34bd80a3bb4a}</UniqueIdentifier>
    </Filter>
  </ItemGroup>
</Project>