<?xml version="1.0" encoding="utf-8"?>
<Project ToolsVersion="4.0" xmlns="http://schemas.microsoft.com/developer/msbuild/2003">
  <ItemGroup>
    <ClCompile Include="main.cpp" />
    <ClCompile Include="main_00_HelloWorld.cpp">
      <Filter>Src\01. A Crash Course in C++ and the Standard Library\00. HelloWorld</Filter>
    </ClCompile>
    <ClCompile Include="main_01_PrintingText.cpp">
      <Filter>Src\01. A Crash Course in C++ and the Standard Library\01. PrintingText</Filter>
    </ClCompile>
    <ClCompile Include="main_02_IOStreams.cpp">
      <Filter>Src\01. A Crash Course in C++ and the Standard Library\02. IOStreams</Filter>
    </ClCompile>
    <ClCompile Include="main_03_Namespaces.cpp">
      <Filter>Src\01. A Crash Course in C++ and the Standard Library\03. Namespaces</Filter>
    </ClCompile>
    <ClCompile Include="main_04_Literals.cpp">
      <Filter>Src\01. A Crash Course in C++ and the Standard Library\04. Literals</Filter>
    </ClCompile>
    <ClCompile Include="main_05_Variables.cpp">
      <Filter>Src\01. A Crash Course in C++ and the Standard Library\05. Variables</Filter>
    </ClCompile>
    <ClCompile Include="main_06_Limits.cpp">
      <Filter>Src\01. A Crash Course in C++ and the Standard Library\06. Limits</Filter>
    </ClCompile>
    <ClCompile Include="main_07_ZeroInitialization.cpp">
      <Filter>Src\01. A Crash Course in C++ and the Standard Library\07. ZeroInitialization</Filter>
    </ClCompile>
    <ClCompile Include="main_08_Casting.cpp">
      <Filter>Src\01. A Crash Course in C++ and the Standard Library\08. Casting</Filter>
    </ClCompile>
    <ClCompile Include="main_09_FloatingPoint.cpp">
      <Filter>Src\01. A Crash Course in C++ and the Standard Library\09. FloatingPoint</Filter>
    </ClCompile>
    <ClCompile Include="main_10_Enumerations.cpp">
      <Filter>Src\01. A Crash Course in C++ and the Standard Library\10. Enumerations</Filter>
    </ClCompile>
    <ClCompile Include="main_11_Structs.cpp">
      <Filter>Src\01. A Crash Course in C++ and the Standard Library\11. Structs</Filter>
    </ClCompile>
    <ClCompile Include="Employee.ixx">
      <Filter>Src\01. A Crash Course in C++ and the Standard Library\11. Structs</Filter>
    </ClCompile>
    <ClCompile Include="main_12_ConditionalStatements.cpp">
      <Filter>Src\01. A Crash Course in C++ and the Standard Library\12. ConditionalStatements</Filter>
    </ClCompile>
    <ClCompile Include="main_13_ThreeWayComparisons.cpp">
      <Filter>Src\01. A Crash Course in C++ and the Standard Library\13. ThreeWayComparisons</Filter>
    </ClCompile>
    <ClCompile Include="main_14_Functions.cpp">
      <Filter>Src\01. A Crash Course in C++ and the Standard Library\14. Functions</Filter>
    </ClCompile>
    <ClCompile Include="main_15_Attributes.cpp">
      <Filter>Src\01. A Crash Course in C++ and the Standard Library\15. Attributes</Filter>
    </ClCompile>
    <ClCompile Include="main_16_Arrays.cpp">
      <Filter>Src\01. A Crash Course in C++ and the Standard Library\16. Arrays</Filter>
    </ClCompile>
    <ClCompile Include="main_17_vector.cpp">
      <Filter>Src\01. A Crash Course in C++ and the Standard Library\17. vector</Filter>
    </ClCompile>
    <ClCompile Include="main_18_optional.cpp">
      <Filter>Src\01. A Crash Course in C++ and the Standard Library\18. optional</Filter>
    </ClCompile>
    <ClCompile Include="main_19_StructuredBindings.cpp">
      <Filter>Src\01. A Crash Course in C++ and the Standard Library\19. StructuredBindings</Filter>
    </ClCompile>
    <ClCompile Include="main_20_Loops.cpp">
      <Filter>Src\01. A Crash Course in C++ and the Standard Library\20. Loops</Filter>
    </ClCompile>
    <ClCompile Include="main_21_InitializerLists.cpp">
      <Filter>Src\01. A Crash Course in C++ and the Standard Library\21. InitializerLists</Filter>
    </ClCompile>
    <ClCompile Include="main_22_Strings.cpp">
      <Filter>Src\01. A Crash Course in C++ and the Standard Library\22. Strings</Filter>
    </ClCompile>
  </ItemGroup>
  <ItemGroup>
    <ClInclude Include="EntryPoints.h" />
  </ItemGroup>
  <ItemGroup>
    <Filter Include="Src">
      <UniqueIdentifier>{2a03880f-418d-47f3-9d4a-4262376102a7}</UniqueIdentifier>
    </Filter>
    <Filter Include="Src\01. A Crash Course in C++ and the Standard Library">
      <UniqueIdentifier>{0934ebe3-2760-484e-9851-1812c875c07e}</UniqueIdentifier>
    </Filter>
    <Filter Include="Src\01. A Crash Course in C++ and the Standard Library\00. HelloWorld">
      <UniqueIdentifier>{4b71358a-fc7c-4516-b2c7-f1651099e422}</UniqueIdentifier>
    </Filter>
    <Filter Include="Src\01. A Crash Course in C++ and the Standard Library\01. PrintingText">
      <UniqueIdentifier>{dea09acf-1530-4cda-9228-03d7922ad3fc}</UniqueIdentifier>
    </Filter>
    <Filter Include="Src\01. A Crash Course in C++ and the Standard Library\02. IOStreams">
      <UniqueIdentifier>{d138b61c-c64a-421e-92e0-948e13a18cbc}</UniqueIdentifier>
    </Filter>
    <Filter Include="Src\01. A Crash Course in C++ and the Standard Library\03. Namespaces">
      <UniqueIdentifier>{5332a296-b666-436a-a0df-313b4061ddea}</UniqueIdentifier>
    </Filter>
    <Filter Include="Src\01. A Crash Course in C++ and the Standard Library\04. Literals">
      <UniqueIdentifier>{4f89f086-2cde-4064-80b4-34bd80a3bb4a}</UniqueIdentifier>
    </Filter>
    <Filter Include="Src\01. A Crash Course in C++ and the Standard Library\05. Variables">
      <UniqueIdentifier>{a0f3d09f-b0b2-4502-bb3d-f60d52815ace}</UniqueIdentifier>
    </Filter>
    <Filter Include="Src\01. A Crash Course in C++ and the Standard Library\06. Limits">
      <UniqueIdentifier>{f2d254d3-afd2-4314-96b4-2210d209c6e8}</UniqueIdentifier>
    </Filter>
    <Filter Include="Src\01. A Crash Course in C++ and the Standard Library\07. ZeroInitialization">
      <UniqueIdentifier>{a4910839-7e25-4c7b-ac54-71258528a314}</UniqueIdentifier>
    </Filter>
    <Filter Include="Src\01. A Crash Course in C++ and the Standard Library\08. Casting">
      <UniqueIdentifier>{94d3e94d-7098-42cb-ab66-6e9153f9d688}</UniqueIdentifier>
    </Filter>
    <Filter Include="Src\01. A Crash Course in C++ and the Standard Library\09. FloatingPoint">
      <UniqueIdentifier>{d474f724-0456-4b91-b710-c39ad20391be}</UniqueIdentifier>
    </Filter>
    <Filter Include="Src\01. A Crash Course in C++ and the Standard Library\10. Enumerations">
      <UniqueIdentifier>{e8ac8fe6-c6dd-4d20-aed7-876acc3240a7}</UniqueIdentifier>
    </Filter>
    <Filter Include="Src\01. A Crash Course in C++ and the Standard Library\11. Structs">
      <UniqueIdentifier>{6da2c0c6-b634-4867-b15d-27b241dae745}</UniqueIdentifier>
    </Filter>
    <Filter Include="Src\01. A Crash Course in C++ and the Standard Library\12. ConditionalStatements">
      <UniqueIdentifier>{dd5f4cbe-f2e8-46af-9b65-e931e01152ab}</UniqueIdentifier>
    </Filter>
    <Filter Include="Src\01. A Crash Course in C++ and the Standard Library\13. ThreeWayComparisons">
      <UniqueIdentifier>{6861554b-9a9a-4564-b452-f854d9d252de}</UniqueIdentifier>
    </Filter>
    <Filter Include="Src\01. A Crash Course in C++ and the Standard Library\14. Functions">
      <UniqueIdentifier>{1fb24a48-5cea-41b6-bc48-520f010b0c69}</UniqueIdentifier>
    </Filter>
    <Filter Include="Src\01. A Crash Course in C++ and the Standard Library\15. Attributes">
      <UniqueIdentifier>{ab3240f3-29a0-4b8f-bc37-80c80454d805}</UniqueIdentifier>
    </Filter>
    <Filter Include="Src\01. A Crash Course in C++ and the Standard Library\16. Arrays">
      <UniqueIdentifier>{11cda299-b987-4ea3-af72-c152173bb938}</UniqueIdentifier>
    </Filter>
    <Filter Include="Src\01. A Crash Course in C++ and the Standard Library\17. vector">
      <UniqueIdentifier>{8467fa6b-cf6d-462f-a7e8-d2402c38eb58}</UniqueIdentifier>
    </Filter>
    <Filter Include="Src\01. A Crash Course in C++ and the Standard Library\18. optional">
      <UniqueIdentifier>{bb6805fa-957a-4019-ad26-fb9aba19bae3}</UniqueIdentifier>
    </Filter>
    <Filter Include="Src\01. A Crash Course in C++ and the Standard Library\19. StructuredBindings">
      <UniqueIdentifier>{17c4cde5-a21a-4adc-9f72-bfb6ca078633}</UniqueIdentifier>
    </Filter>
    <Filter Include="Src\01. A Crash Course in C++ and the Standard Library\20. Loops">
      <UniqueIdentifier>{34386188-c7ee-456c-aeee-fc0ded409ab5}</UniqueIdentifier>
    </Filter>
    <Filter Include="Src\01. A Crash Course in C++ and the Standard Library\21. InitializerLists">
      <UniqueIdentifier>{42e18dd7-fd11-4e6b-ae70-d6d47bf18d1f}</UniqueIdentifier>
    </Filter>
    <Filter Include="Src\01. A Crash Course in C++ and the Standard Library\22. Strings">
      <UniqueIdentifier>{1c225954-3f63-456a-8129-44d313917db0}</UniqueIdentifier>
    </Filter>
  </ItemGroup>
</Project>